// !$*UTF8*$!
{
	archiveVersion = 1;
	classes = {
	};
	objectVersion = 46;
	objects = {

/* Begin PBXBuildFile section */
		BF28D57C199B8194009D7409 /* Foundation.framework in Frameworks */ = {isa = PBXBuildFile; fileRef = BF28D57B199B8194009D7409 /* Foundation.framework */; };
		BF28D57E199B8194009D7409 /* CoreGraphics.framework in Frameworks */ = {isa = PBXBuildFile; fileRef = BF28D57D199B8194009D7409 /* CoreGraphics.framework */; };
		BF28D580199B8194009D7409 /* UIKit.framework in Frameworks */ = {isa = PBXBuildFile; fileRef = BF28D57F199B8194009D7409 /* UIKit.framework */; };
		BF28D586199B8194009D7409 /* InfoPlist.strings in Resources */ = {isa = PBXBuildFile; fileRef = BF28D584199B8194009D7409 /* InfoPlist.strings */; };
		BF28D588199B8194009D7409 /* main.m in Sources */ = {isa = PBXBuildFile; fileRef = BF28D587199B8194009D7409 /* main.m */; };
		BF28D58C199B8194009D7409 /* AppDelegate.m in Sources */ = {isa = PBXBuildFile; fileRef = BF28D58B199B8194009D7409 /* AppDelegate.m */; };
		BF28D58F199B8194009D7409 /* Main.storyboard in Resources */ = {isa = PBXBuildFile; fileRef = BF28D58D199B8194009D7409 /* Main.storyboard */; };
		BF28D592199B8194009D7409 /* ViewController.m in Sources */ = {isa = PBXBuildFile; fileRef = BF28D591199B8194009D7409 /* ViewController.m */; };
		BF28D594199B8194009D7409 /* Images.xcassets in Resources */ = {isa = PBXBuildFile; fileRef = BF28D593199B8194009D7409 /* Images.xcassets */; };
		BF28D59B199B8194009D7409 /* XCTest.framework in Frameworks */ = {isa = PBXBuildFile; fileRef = BF28D59A199B8194009D7409 /* XCTest.framework */; };
		BF28D59C199B8194009D7409 /* Foundation.framework in Frameworks */ = {isa = PBXBuildFile; fileRef = BF28D57B199B8194009D7409 /* Foundation.framework */; };
		BF28D59D199B8194009D7409 /* UIKit.framework in Frameworks */ = {isa = PBXBuildFile; fileRef = BF28D57F199B8194009D7409 /* UIKit.framework */; };
		BF28D5A5199B8194009D7409 /* InfoPlist.strings in Resources */ = {isa = PBXBuildFile; fileRef = BF28D5A3199B8194009D7409 /* InfoPlist.strings */; };
		BF28D5A7199B8194009D7409 /* BakusokuKitTests.m in Sources */ = {isa = PBXBuildFile; fileRef = BF28D5A6199B8194009D7409 /* BakusokuKitTests.m */; };
		BF39A99019AE399B0020A3F2 /* LeftViewController.m in Sources */ = {isa = PBXBuildFile; fileRef = BF39A98F19AE399B0020A3F2 /* LeftViewController.m */; };
		BF39A99319AE496C0020A3F2 /* LoginViewController.m in Sources */ = {isa = PBXBuildFile; fileRef = BF39A99219AE496C0020A3F2 /* LoginViewController.m */; };
		D08C67DC151447C48F0C1416 /* libPods.a in Frameworks */ = {isa = PBXBuildFile; fileRef = 3A23CA1A3E194463BA3A04B3 /* libPods.a */; };
/* End PBXBuildFile section */

/* Begin PBXContainerItemProxy section */
		BF28D59E199B8194009D7409 /* PBXContainerItemProxy */ = {
			isa = PBXContainerItemProxy;
			containerPortal = BF28D570199B8193009D7409 /* Project object */;
			proxyType = 1;
			remoteGlobalIDString = BF28D577199B8194009D7409;
			remoteInfo = BakusokuKit;
		};
/* End PBXContainerItemProxy section */

/* Begin PBXFileReference section */
		3A23CA1A3E194463BA3A04B3 /* libPods.a */ = {isa = PBXFileReference; explicitFileType = archive.ar; includeInIndex = 0; path = libPods.a; sourceTree = BUILT_PRODUCTS_DIR; };
		7AD6016BE1C7408881C99AEA /* Pods.xcconfig */ = {isa = PBXFileReference; includeInIndex = 1; lastKnownFileType = text.xcconfig; name = Pods.xcconfig; path = Pods/Pods.xcconfig; sourceTree = "<group>"; };
		BF28D578199B8194009D7409 /* BakusokuKit.app */ = {isa = PBXFileReference; explicitFileType = wrapper.application; includeInIndex = 0; path = BakusokuKit.app; sourceTree = BUILT_PRODUCTS_DIR; };
		BF28D57B199B8194009D7409 /* Foundation.framework */ = {isa = PBXFileReference; lastKnownFileType = wrapper.framework; name = Foundation.framework; path = System/Library/Frameworks/Foundation.framework; sourceTree = SDKROOT; };
		BF28D57D199B8194009D7409 /* CoreGraphics.framework */ = {isa = PBXFileReference; lastKnownFileType = wrapper.framework; name = CoreGraphics.framework; path = System/Library/Frameworks/CoreGraphics.framework; sourceTree = SDKROOT; };
		BF28D57F199B8194009D7409 /* UIKit.framework */ = {isa = PBXFileReference; lastKnownFileType = wrapper.framework; name = UIKit.framework; path = System/Library/Frameworks/UIKit.framework; sourceTree = SDKROOT; };
		BF28D583199B8194009D7409 /* BakusokuKit-Info.plist */ = {isa = PBXFileReference; lastKnownFileType = text.plist.xml; path = "BakusokuKit-Info.plist"; sourceTree = "<group>"; };
		BF28D585199B8194009D7409 /* en */ = {isa = PBXFileReference; lastKnownFileType = text.plist.strings; name = en; path = en.lproj/InfoPlist.strings; sourceTree = "<group>"; };
		BF28D587199B8194009D7409 /* main.m */ = {isa = PBXFileReference; lastKnownFileType = sourcecode.c.objc; path = main.m; sourceTree = "<group>"; };
		BF28D589199B8194009D7409 /* BakusokuKit-Prefix.pch */ = {isa = PBXFileReference; lastKnownFileType = sourcecode.c.h; path = "BakusokuKit-Prefix.pch"; sourceTree = "<group>"; };
		BF28D58A199B8194009D7409 /* AppDelegate.h */ = {isa = PBXFileReference; lastKnownFileType = sourcecode.c.h; path = AppDelegate.h; sourceTree = "<group>"; };
		BF28D58B199B8194009D7409 /* AppDelegate.m */ = {isa = PBXFileReference; lastKnownFileType = sourcecode.c.objc; path = AppDelegate.m; sourceTree = "<group>"; };
		BF28D58E199B8194009D7409 /* Base */ = {isa = PBXFileReference; lastKnownFileType = file.storyboard; name = Base; path = Base.lproj/Main.storyboard; sourceTree = "<group>"; };
		BF28D590199B8194009D7409 /* ViewController.h */ = {isa = PBXFileReference; lastKnownFileType = sourcecode.c.h; path = ViewController.h; sourceTree = "<group>"; };
		BF28D591199B8194009D7409 /* ViewController.m */ = {isa = PBXFileReference; lastKnownFileType = sourcecode.c.objc; path = ViewController.m; sourceTree = "<group>"; };
		BF28D593199B8194009D7409 /* Images.xcassets */ = {isa = PBXFileReference; lastKnownFileType = folder.assetcatalog; path = Images.xcassets; sourceTree = "<group>"; };
		BF28D599199B8194009D7409 /* BakusokuKitTests.xctest */ = {isa = PBXFileReference; explicitFileType = wrapper.cfbundle; includeInIndex = 0; path = BakusokuKitTests.xctest; sourceTree = BUILT_PRODUCTS_DIR; };
		BF28D59A199B8194009D7409 /* XCTest.framework */ = {isa = PBXFileReference; lastKnownFileType = wrapper.framework; name = XCTest.framework; path = Library/Frameworks/XCTest.framework; sourceTree = DEVELOPER_DIR; };
		BF28D5A2199B8194009D7409 /* BakusokuKitTests-Info.plist */ = {isa = PBXFileReference; lastKnownFileType = text.plist.xml; path = "BakusokuKitTests-Info.plist"; sourceTree = "<group>"; };
		BF28D5A4199B8194009D7409 /* en */ = {isa = PBXFileReference; lastKnownFileType = text.plist.strings; name = en; path = en.lproj/InfoPlist.strings; sourceTree = "<group>"; };
		BF28D5A6199B8194009D7409 /* BakusokuKitTests.m */ = {isa = PBXFileReference; lastKnownFileType = sourcecode.c.objc; path = BakusokuKitTests.m; sourceTree = "<group>"; };
		BF39A98E19AE399B0020A3F2 /* LeftViewController.h */ = {isa = PBXFileReference; fileEncoding = 4; lastKnownFileType = sourcecode.c.h; path = LeftViewController.h; sourceTree = "<group>"; };
		BF39A98F19AE399B0020A3F2 /* LeftViewController.m */ = {isa = PBXFileReference; fileEncoding = 4; lastKnownFileType = sourcecode.c.objc; path = LeftViewController.m; sourceTree = "<group>"; };
		BF39A99119AE496C0020A3F2 /* LoginViewController.h */ = {isa = PBXFileReference; fileEncoding = 4; lastKnownFileType = sourcecode.c.h; path = LoginViewController.h; sourceTree = "<group>"; };
		BF39A99219AE496C0020A3F2 /* LoginViewController.m */ = {isa = PBXFileReference; fileEncoding = 4; lastKnownFileType = sourcecode.c.objc; path = LoginViewController.m; sourceTree = "<group>"; };
/* End PBXFileReference section */

/* Begin PBXFrameworksBuildPhase section */
		BF28D575199B8194009D7409 /* Frameworks */ = {
			isa = PBXFrameworksBuildPhase;
			buildActionMask = 2147483647;
			files = (
				BF28D57E199B8194009D7409 /* CoreGraphics.framework in Frameworks */,
				BF28D580199B8194009D7409 /* UIKit.framework in Frameworks */,
				BF28D57C199B8194009D7409 /* Foundation.framework in Frameworks */,
				D08C67DC151447C48F0C1416 /* libPods.a in Frameworks */,
			);
			runOnlyForDeploymentPostprocessing = 0;
		};
		BF28D596199B8194009D7409 /* Frameworks */ = {
			isa = PBXFrameworksBuildPhase;
			buildActionMask = 2147483647;
			files = (
				BF28D59B199B8194009D7409 /* XCTest.framework in Frameworks */,
				BF28D59D199B8194009D7409 /* UIKit.framework in Frameworks */,
				BF28D59C199B8194009D7409 /* Foundation.framework in Frameworks */,
			);
			runOnlyForDeploymentPostprocessing = 0;
		};
/* End PBXFrameworksBuildPhase section */

/* Begin PBXGroup section */
		BF28D56F199B8193009D7409 = {
			isa = PBXGroup;
			children = (
				BF28D581199B8194009D7409 /* BakusokuKit */,
				BF28D5A0199B8194009D7409 /* BakusokuKitTests */,
				BF28D57A199B8194009D7409 /* Frameworks */,
				BF28D579199B8194009D7409 /* Products */,
				7AD6016BE1C7408881C99AEA /* Pods.xcconfig */,
			);
			sourceTree = "<group>";
		};
		BF28D579199B8194009D7409 /* Products */ = {
			isa = PBXGroup;
			children = (
				BF28D578199B8194009D7409 /* BakusokuKit.app */,
				BF28D599199B8194009D7409 /* BakusokuKitTests.xctest */,
			);
			name = Products;
			sourceTree = "<group>";
		};
		BF28D57A199B8194009D7409 /* Frameworks */ = {
			isa = PBXGroup;
			children = (
				BF28D57B199B8194009D7409 /* Foundation.framework */,
				BF28D57D199B8194009D7409 /* CoreGraphics.framework */,
				BF28D57F199B8194009D7409 /* UIKit.framework */,
				BF28D59A199B8194009D7409 /* XCTest.framework */,
				3A23CA1A3E194463BA3A04B3 /* libPods.a */,
			);
			name = Frameworks;
			sourceTree = "<group>";
		};
		BF28D581199B8194009D7409 /* BakusokuKit */ = {
			isa = PBXGroup;
			children = (
				BF28D58A199B8194009D7409 /* AppDelegate.h */,
				BF28D58B199B8194009D7409 /* AppDelegate.m */,
				BF39A98E19AE399B0020A3F2 /* LeftViewController.h */,
				BF39A98F19AE399B0020A3F2 /* LeftViewController.m */,
				BF28D58D199B8194009D7409 /* Main.storyboard */,
				BF28D590199B8194009D7409 /* ViewController.h */,
				BF28D591199B8194009D7409 /* ViewController.m */,
				BF39A99119AE496C0020A3F2 /* LoginViewController.h */,
				BF39A99219AE496C0020A3F2 /* LoginViewController.m */,
				BF28D593199B8194009D7409 /* Images.xcassets */,
				BF28D582199B8194009D7409 /* Supporting Files */,
			);
			path = BakusokuKit;
			sourceTree = "<group>";
		};
		BF28D582199B8194009D7409 /* Supporting Files */ = {
			isa = PBXGroup;
			children = (
				BF28D583199B8194009D7409 /* BakusokuKit-Info.plist */,
				BF28D584199B8194009D7409 /* InfoPlist.strings */,
				BF28D587199B8194009D7409 /* main.m */,
				BF28D589199B8194009D7409 /* BakusokuKit-Prefix.pch */,
			);
			name = "Supporting Files";
			sourceTree = "<group>";
		};
		BF28D5A0199B8194009D7409 /* BakusokuKitTests */ = {
			isa = PBXGroup;
			children = (
				BF28D5A6199B8194009D7409 /* BakusokuKitTests.m */,
				BF28D5A1199B8194009D7409 /* Supporting Files */,
			);
			path = BakusokuKitTests;
			sourceTree = "<group>";
		};
		BF28D5A1199B8194009D7409 /* Supporting Files */ = {
			isa = PBXGroup;
			children = (
				BF28D5A2199B8194009D7409 /* BakusokuKitTests-Info.plist */,
				BF28D5A3199B8194009D7409 /* InfoPlist.strings */,
			);
			name = "Supporting Files";
			sourceTree = "<group>";
		};
/* End PBXGroup section */

/* Begin PBXNativeTarget section */
		BF28D577199B8194009D7409 /* BakusokuKit */ = {
			isa = PBXNativeTarget;
			buildConfigurationList = BF28D5AA199B8194009D7409 /* Build configuration list for PBXNativeTarget "BakusokuKit" */;
			buildPhases = (
				EA3904311675420B96A63A3B /* Check Pods Manifest.lock */,
				BF28D574199B8194009D7409 /* Sources */,
				BF28D575199B8194009D7409 /* Frameworks */,
				BF28D576199B8194009D7409 /* Resources */,
				21940B29DEBE4C4BB5F422C1 /* Copy Pods Resources */,
			);
			buildRules = (
			);
			dependencies = (
			);
			name = BakusokuKit;
			productName = BakusokuKit;
			productReference = BF28D578199B8194009D7409 /* BakusokuKit.app */;
			productType = "com.apple.product-type.application";
		};
		BF28D598199B8194009D7409 /* BakusokuKitTests */ = {
			isa = PBXNativeTarget;
			buildConfigurationList = BF28D5AD199B8194009D7409 /* Build configuration list for PBXNativeTarget "BakusokuKitTests" */;
			buildPhases = (
				BF28D595199B8194009D7409 /* Sources */,
				BF28D596199B8194009D7409 /* Frameworks */,
				BF28D597199B8194009D7409 /* Resources */,
			);
			buildRules = (
			);
			dependencies = (
				BF28D59F199B8194009D7409 /* PBXTargetDependency */,
			);
			name = BakusokuKitTests;
			productName = BakusokuKitTests;
			productReference = BF28D599199B8194009D7409 /* BakusokuKitTests.xctest */;
			productType = "com.apple.product-type.bundle.unit-test";
		};
/* End PBXNativeTarget section */

/* Begin PBXProject section */
		BF28D570199B8193009D7409 /* Project object */ = {
			isa = PBXProject;
			attributes = {
				LastUpgradeCheck = 0510;
				ORGANIZATIONNAME = "Ishitsuka Jun";
				TargetAttributes = {
					BF28D598199B8194009D7409 = {
						TestTargetID = BF28D577199B8194009D7409;
					};
				};
			};
			buildConfigurationList = BF28D573199B8193009D7409 /* Build configuration list for PBXProject "BakusokuKit" */;
			compatibilityVersion = "Xcode 3.2";
			developmentRegion = English;
			hasScannedForEncodings = 0;
			knownRegions = (
				en,
				Base,
			);
			mainGroup = BF28D56F199B8193009D7409;
			productRefGroup = BF28D579199B8194009D7409 /* Products */;
			projectDirPath = "";
			projectRoot = "";
			targets = (
				BF28D577199B8194009D7409 /* BakusokuKit */,
				BF28D598199B8194009D7409 /* BakusokuKitTests */,
			);
		};
/* End PBXProject section */

/* Begin PBXResourcesBuildPhase section */
		BF28D576199B8194009D7409 /* Resources */ = {
			isa = PBXResourcesBuildPhase;
			buildActionMask = 2147483647;
			files = (
				BF28D594199B8194009D7409 /* Images.xcassets in Resources */,
				BF28D586199B8194009D7409 /* InfoPlist.strings in Resources */,
				BF28D58F199B8194009D7409 /* Main.storyboard in Resources */,
			);
			runOnlyForDeploymentPostprocessing = 0;
		};
		BF28D597199B8194009D7409 /* Resources */ = {
			isa = PBXResourcesBuildPhase;
			buildActionMask = 2147483647;
			files = (
				BF28D5A5199B8194009D7409 /* InfoPlist.strings in Resources */,
			);
			runOnlyForDeploymentPostprocessing = 0;
		};
/* End PBXResourcesBuildPhase section */

/* Begin PBXShellScriptBuildPhase section */
		21940B29DEBE4C4BB5F422C1 /* Copy Pods Resources */ = {
			isa = PBXShellScriptBuildPhase;
			buildActionMask = 2147483647;
			files = (
			);
			inputPaths = (
			);
			name = "Copy Pods Resources";
			outputPaths = (
			);
			runOnlyForDeploymentPostprocessing = 0;
			shellPath = /bin/sh;
			shellScript = "\"${SRCROOT}/Pods/Pods-resources.sh\"\n";
			showEnvVarsInLog = 0;
		};
		EA3904311675420B96A63A3B /* Check Pods Manifest.lock */ = {
			isa = PBXShellScriptBuildPhase;
			buildActionMask = 2147483647;
			files = (
			);
			inputPaths = (
			);
			name = "Check Pods Manifest.lock";
			outputPaths = (
			);
			runOnlyForDeploymentPostprocessing = 0;
			shellPath = /bin/sh;
			shellScript = "diff \"${PODS_ROOT}/../Podfile.lock\" \"${PODS_ROOT}/Manifest.lock\" > /dev/null\nif [[ $? != 0 ]] ; then\n    cat << EOM\nerror: The sandbox is not in sync with the Podfile.lock. Run 'pod install' or update your CocoaPods installation.\nEOM\n    exit 1\nfi\n";
			showEnvVarsInLog = 0;
		};
/* End PBXShellScriptBuildPhase section */

/* Begin PBXSourcesBuildPhase section */
		BF28D574199B8194009D7409 /* Sources */ = {
			isa = PBXSourcesBuildPhase;
			buildActionMask = 2147483647;
			files = (
				BF28D592199B8194009D7409 /* ViewController.m in Sources */,
				BF39A99019AE399B0020A3F2 /* LeftViewController.m in Sources */,
				BF28D58C199B8194009D7409 /* AppDelegate.m in Sources */,
				BF28D588199B8194009D7409 /* main.m in Sources */,
				BF39A99319AE496C0020A3F2 /* LoginViewController.m in Sources */,
			);
			runOnlyForDeploymentPostprocessing = 0;
		};
		BF28D595199B8194009D7409 /* Sources */ = {
			isa = PBXSourcesBuildPhase;
			buildActionMask = 2147483647;
			files = (
				BF28D5A7199B8194009D7409 /* BakusokuKitTests.m in Sources */,
			);
			runOnlyForDeploymentPostprocessing = 0;
		};
/* End PBXSourcesBuildPhase section */

/* Begin PBXTargetDependency section */
		BF28D59F199B8194009D7409 /* PBXTargetDependency */ = {
			isa = PBXTargetDependency;
			target = BF28D577199B8194009D7409 /* BakusokuKit */;
			targetProxy = BF28D59E199B8194009D7409 /* PBXContainerItemProxy */;
		};
/* End PBXTargetDependency section */

/* Begin PBXVariantGroup section */
		BF28D584199B8194009D7409 /* InfoPlist.strings */ = {
			isa = PBXVariantGroup;
			children = (
				BF28D585199B8194009D7409 /* en */,
			);
			name = InfoPlist.strings;
			sourceTree = "<group>";
		};
		BF28D58D199B8194009D7409 /* Main.storyboard */ = {
			isa = PBXVariantGroup;
			children = (
				BF28D58E199B8194009D7409 /* Base */,
			);
			name = Main.storyboard;
			sourceTree = "<group>";
		};
		BF28D5A3199B8194009D7409 /* InfoPlist.strings */ = {
			isa = PBXVariantGroup;
			children = (
				BF28D5A4199B8194009D7409 /* en */,
			);
			name = InfoPlist.strings;
			sourceTree = "<group>";
		};
/* End PBXVariantGroup section */

/* Begin XCBuildConfiguration section */
		BF28D5A8199B8194009D7409 /* Debug */ = {
			isa = XCBuildConfiguration;
			buildSettings = {
				ALWAYS_SEARCH_USER_PATHS = NO;
				CLANG_CXX_LANGUAGE_STANDARD = "gnu++0x";
				CLANG_CXX_LIBRARY = "libc++";
				CLANG_ENABLE_MODULES = YES;
				CLANG_ENABLE_OBJC_ARC = YES;
				CLANG_WARN_BOOL_CONVERSION = YES;
				CLANG_WARN_CONSTANT_CONVERSION = YES;
				CLANG_WARN_DIRECT_OBJC_ISA_USAGE = YES_ERROR;
				CLANG_WARN_EMPTY_BODY = YES;
				CLANG_WARN_ENUM_CONVERSION = YES;
				CLANG_WARN_INT_CONVERSION = YES;
				CLANG_WARN_OBJC_ROOT_CLASS = YES_ERROR;
				CLANG_WARN__DUPLICATE_METHOD_MATCH = YES;
				"CODE_SIGN_IDENTITY[sdk=iphoneos*]" = "iPhone Developer";
				COPY_PHASE_STRIP = NO;
				GCC_C_LANGUAGE_STANDARD = gnu99;
				GCC_DYNAMIC_NO_PIC = NO;
				GCC_OPTIMIZATION_LEVEL = 0;
				GCC_PREPROCESSOR_DEFINITIONS = (
					"DEBUG=1",
					"$(inherited)",
				);
				GCC_SYMBOLS_PRIVATE_EXTERN = NO;
				GCC_WARN_64_TO_32_BIT_CONVERSION = YES;
				GCC_WARN_ABOUT_RETURN_TYPE = YES_ERROR;
				GCC_WARN_UNDECLARED_SELECTOR = YES;
				GCC_WARN_UNINITIALIZED_AUTOS = YES_AGGRESSIVE;
				GCC_WARN_UNUSED_FUNCTION = YES;
				GCC_WARN_UNUSED_VARIABLE = YES;
				IPHONEOS_DEPLOYMENT_TARGET = 7.1;
				ONLY_ACTIVE_ARCH = YES;
				SDKROOT = iphoneos;
			};
			name = Debug;
		};
		BF28D5A9199B8194009D7409 /* Release */ = {
			isa = XCBuildConfiguration;
			buildSettings = {
				ALWAYS_SEARCH_USER_PATHS = NO;
				CLANG_CXX_LANGUAGE_STANDARD = "gnu++0x";
				CLANG_CXX_LIBRARY = "libc++";
				CLANG_ENABLE_MODULES = YES;
				CLANG_ENABLE_OBJC_ARC = YES;
				CLANG_WARN_BOOL_CONVERSION = YES;
				CLANG_WARN_CONSTANT_CONVERSION = YES;
				CLANG_WARN_DIRECT_OBJC_ISA_USAGE = YES_ERROR;
				CLANG_WARN_EMPTY_BODY = YES;
				CLANG_WARN_ENUM_CONVERSION = YES;
				CLANG_WARN_INT_CONVERSION = YES;
				CLANG_WARN_OBJC_ROOT_CLASS = YES_ERROR;
				CLANG_WARN__DUPLICATE_METHOD_MATCH = YES;
				"CODE_SIGN_IDENTITY[sdk=iphoneos*]" = "iPhone Developer";
				COPY_PHASE_STRIP = YES;
				ENABLE_NS_ASSERTIONS = NO;
				GCC_C_LANGUAGE_STANDARD = gnu99;
				GCC_WARN_64_TO_32_BIT_CONVERSION = YES;
				GCC_WARN_ABOUT_RETURN_TYPE = YES_ERROR;
				GCC_WARN_UNDECLARED_SELECTOR = YES;
				GCC_WARN_UNINITIALIZED_AUTOS = YES_AGGRESSIVE;
				GCC_WARN_UNUSED_FUNCTION = YES;
				GCC_WARN_UNUSED_VARIABLE = YES;
				IPHONEOS_DEPLOYMENT_TARGET = 7.1;
				SDKROOT = iphoneos;
				VALIDATE_PRODUCT = YES;
			};
			name = Release;
		};
		BF28D5AB199B8194009D7409 /* Debug */ = {
			isa = XCBuildConfiguration;
			baseConfigurationReference = 7AD6016BE1C7408881C99AEA /* Pods.xcconfig */;
			buildSettings = {
				ASSETCATALOG_COMPILER_APPICON_NAME = AppIcon;
				ASSETCATALOG_COMPILER_LAUNCHIMAGE_NAME = LaunchImage;
				GCC_PRECOMPILE_PREFIX_HEADER = YES;
				GCC_PREFIX_HEADER = "BakusokuKit/BakusokuKit-Prefix.pch";
				INFOPLIST_FILE = "BakusokuKit/BakusokuKit-Info.plist";
				PRODUCT_NAME = "$(TARGET_NAME)";
				WRAPPER_EXTENSION = app;
			};
			name = Debug;
		};
		BF28D5AC199B8194009D7409 /* Release */ = {
			isa = XCBuildConfiguration;
			baseConfigurationReference = 7AD6016BE1C7408881C99AEA /* Pods.xcconfig */;
			buildSettings = {
				ASSETCATALOG_COMPILER_APPICON_NAME = AppIcon;
				ASSETCATALOG_COMPILER_LAUNCHIMAGE_NAME = LaunchImage;
				GCC_PRECOMPILE_PREFIX_HEADER = YES;
				GCC_PREFIX_HEADER = "BakusokuKit/BakusokuKit-Prefix.pch";
				INFOPLIST_FILE = "BakusokuKit/BakusokuKit-Info.plist";
				PRODUCT_NAME = "$(TARGET_NAME)";
				WRAPPER_EXTENSION = app;
			};
			name = Release;
		};
		BF28D5AE199B8194009D7409 /* Debug */ = {
			isa = XCBuildConfiguration;
			buildSettings = {
				BUNDLE_LOADER = "$(BUILT_PRODUCTS_DIR)/BakusokuKit.app/BakusokuKit";
				FRAMEWORK_SEARCH_PATHS = (
					"$(SDKROOT)/Developer/Library/Frameworks",
					"$(inherited)",
					"$(DEVELOPER_FRAMEWORKS_DIR)",
				);
				GCC_PRECOMPILE_PREFIX_HEADER = YES;
				GCC_PREFIX_HEADER = "BakusokuKit/BakusokuKit-Prefix.pch";
				GCC_PREPROCESSOR_DEFINITIONS = (
					"DEBUG=1",
					"$(inherited)",
				);
				INFOPLIST_FILE = "BakusokuKitTests/BakusokuKitTests-Info.plist";
				PRODUCT_NAME = "$(TARGET_NAME)";
				TEST_HOST = "$(BUNDLE_LOADER)";
				WRAPPER_EXTENSION = xctest;
			};
			name = Debug;
		};
		BF28D5AF199B8194009D7409 /* Release */ = {
			isa = XCBuildConfiguration;
			buildSettings = {
				BUNDLE_LOADER = "$(BUILT_PRODUCTS_DIR)/BakusokuKit.app/BakusokuKit";
				FRAMEWORK_SEARCH_PATHS = (
					"$(SDKROOT)/Developer/Library/Frameworks",
					"$(inherited)",
					"$(DEVELOPER_FRAMEWORKS_DIR)",
				);
				GCC_PRECOMPILE_PREFIX_HEADER = YES;
				GCC_PREFIX_HEADER = "BakusokuKit/BakusokuKit-Prefix.pch";
				INFOPLIST_FILE = "BakusokuKitTests/BakusokuKitTests-Info.plist";
				PRODUCT_NAME = "$(TARGET_NAME)";
				TEST_HOST = "$(BUNDLE_LOADER)";
				WRAPPER_EXTENSION = xctest;
			};
			name = Release;
		};
/* End XCBuildConfiguration section */

/* Begin XCConfigurationList section */
		BF28D573199B8193009D7409 /* Build configuration list for PBXProject "BakusokuKit" */ = {
			isa = XCConfigurationList;
			buildConfigurations = (
				BF28D5A8199B8194009D7409 /* Debug */,
				BF28D5A9199B8194009D7409 /* Release */,
			);
			defaultConfigurationIsVisible = 0;
			defaultConfigurationName = Release;
		};
		BF28D5AA199B8194009D7409 /* Build configuration list for PBXNativeTarget "BakusokuKit" */ = {
			isa = XCConfigurationList;
			buildConfigurations = (
				BF28D5AB199B8194009D7409 /* Debug */,
				BF28D5AC199B8194009D7409 /* Release */,
			);
			defaultConfigurationIsVisible = 0;
			defaultConfigurationName = Release;
		};
		BF28D5AD199B8194009D7409 /* Build configuration list for PBXNativeTarget "BakusokuKitTests" */ = {
			isa = XCConfigurationList;
			buildConfigurations = (
				BF28D5AE199B8194009D7409 /* Debug */,
				BF28D5AF199B8194009D7409 /* Release */,
			);
			defaultConfigurationIsVisible = 0;
			defaultConfigurationName = Release;
		};
/* End XCConfigurationList section */
	};
	rootObject = BF28D570199B8193009D7409 /* Project object */;
}
